
Microsoft Visual Studio Solution File, Format Version 12.00
# Visual Studio Version 17
VisualStudioVersion = 17.9.34607.119
MinimumVisualStudioVersion = 10.0.40219.1
Project("{FAE04EC0-301F-11D3-BF4B-00C04F79EFBC}") = "SmartAccount", "SmartAccount\SmartAccount.csproj", "{4C8F27FC-7D8F-442E-A2FB-78D5AD607182}"
EndProject
Global
	GlobalSection(SolutionConfigurationPlatforms) = preSolution
		Debug|Any CPU = Debug|Any CPU
		Release|Any CPU = Release|Any CPU
	EndGlobalSection
	GlobalSection(ProjectConfigurationPlatforms) = postSolution
		{4C8F27FC-7D8F-442E-A2FB-78D5AD607182}.Debug|Any CPU.ActiveCfg = Debug|Any CPU
		{4C8F27FC-7D8F-442E-A2FB-78D5AD607182}.Debug|Any CPU.Build.0 = Debug|Any CPU
		{4C8F27FC-7D8F-442E-A2FB-78D5AD607182}.Release|Any CPU.ActiveCfg = Release|Any CPU
		{4C8F27FC-7D8F-442E-A2FB-78D5AD607182}.Release|Any CPU.Build.0 = Release|Any CPU
	EndGlobalSection
	GlobalSection(SolutionProperties) = preSolution
		HideSolutionNode = FALSE
	EndGlobalSection
	GlobalSection(ExtensibilityGlobals) = postSolution
		SolutionGuid = {AB586282-B200-4C5A-88BF-21F37BBDA16B}
	EndGlobalSection
EndGlobal
